
Microsoft Visual Studio Solution File, Format Version 12.00
# Visual Studio Version 16
VisualStudioVersion = 16.0.30011.22
MinimumVisualStudioVersion = 10.0.40219.1
Project("{FAE04EC0-301F-11D3-BF4B-00C04F79EFBC}") = "Course", "Course\Course.csproj", "{FF68C00C-C9F6-4857-87D9-999A79C96B36}"
EndProject
Global
	GlobalSection(SolutionConfigurationPlatforms) = preSolution
		Debug|Any CPU = Debug|Any CPU
		Release|Any CPU = Release|Any CPU
	EndGlobalSection
	GlobalSection(ProjectConfigurationPlatforms) = postSolution
		{FF68C00C-C9F6-4857-87D9-999A79C96B36}.Debug|Any CPU.ActiveCfg = Debug|Any CPU
		{FF68C00C-C9F6-4857-87D9-999A79C96B36}.Debug|Any CPU.Build.0 = Debug|Any CPU
		{FF68C00C-C9F6-4857-87D9-999A79C96B36}.Release|Any CPU.ActiveCfg = Release|Any CPU
		{FF68C00C-C9F6-4857-87D9-999A79C96B36}.Release|Any CPU.Build.0 = Release|Any CPU
	EndGlobalSection
	GlobalSection(SolutionProperties) = preSolution
		HideSolutionNode = FALSE
	EndGlobalSection
	GlobalSection(ExtensibilityGlobals) = postSolution
		SolutionGuid = {E1FD562A-5232-4FD8-A015-4D961819B7E0}
	EndGlobalSection
EndGlobal
